// !$*UTF8*$!
{
	archiveVersion = 1;
	classes = {
	};
	objectVersion = 50;
	objects = {

/* Begin PBXBuildFile section */
		5A62548C25EEF0C500340AE0 /* AppDelegate.swift in Sources */ = {isa = PBXBuildFile; fileRef = 5A62548B25EEF0C500340AE0 /* AppDelegate.swift */; };
		5A62548E25EEF0C500340AE0 /* SceneDelegate.swift in Sources */ = {isa = PBXBuildFile; fileRef = 5A62548D25EEF0C500340AE0 /* SceneDelegate.swift */; };
		5A62549025EEF0C500340AE0 /* MainViewController.swift in Sources */ = {isa = PBXBuildFile; fileRef = 5A62548F25EEF0C500340AE0 /* MainViewController.swift */; };
		5A62549325EEF0C500340AE0 /* Main.storyboard in Resources */ = {isa = PBXBuildFile; fileRef = 5A62549125EEF0C500340AE0 /* Main.storyboard */; };
		5A62549525EEF0C600340AE0 /* Assets.xcassets in Resources */ = {isa = PBXBuildFile; fileRef = 5A62549425EEF0C600340AE0 /* Assets.xcassets */; };
		5A62549825EEF0C600340AE0 /* LaunchScreen.storyboard in Resources */ = {isa = PBXBuildFile; fileRef = 5A62549625EEF0C600340AE0 /* LaunchScreen.storyboard */; };
		5A6254A325EEF0C600340AE0 /* DayOfDieTests.swift in Sources */ = {isa = PBXBuildFile; fileRef = 5A6254A225EEF0C600340AE0 /* DayOfDieTests.swift */; };
		5A6254AE25EEF0C600340AE0 /* DayOfDieUITests.swift in Sources */ = {isa = PBXBuildFile; fileRef = 5A6254AD25EEF0C600340AE0 /* DayOfDieUITests.swift */; };
		5AB27AB025EF862100888E49 /* SpecialPointsViewController.swift in Sources */ = {isa = PBXBuildFile; fileRef = 5AB27AAF25EF862100888E49 /* SpecialPointsViewController.swift */; };
/* End PBXBuildFile section */

/* Begin PBXContainerItemProxy section */
		5A62549F25EEF0C600340AE0 /* PBXContainerItemProxy */ = {
			isa = PBXContainerItemProxy;
			containerPortal = 5A62548025EEF0C500340AE0 /* Project object */;
			proxyType = 1;
			remoteGlobalIDString = 5A62548725EEF0C500340AE0;
			remoteInfo = DayOfDie;
		};
		5A6254AA25EEF0C600340AE0 /* PBXContainerItemProxy */ = {
			isa = PBXContainerItemProxy;
			containerPortal = 5A62548025EEF0C500340AE0 /* Project object */;
			proxyType = 1;
			remoteGlobalIDString = 5A62548725EEF0C500340AE0;
			remoteInfo = DayOfDie;
		};
/* End PBXContainerItemProxy section */

/* Begin PBXFileReference section */
		5A62548825EEF0C500340AE0 /* DayOfDie.app */ = {isa = PBXFileReference; explicitFileType = wrapper.application; includeInIndex = 0; path = DayOfDie.app; sourceTree = BUILT_PRODUCTS_DIR; };
		5A62548B25EEF0C500340AE0 /* AppDelegate.swift */ = {isa = PBXFileReference; lastKnownFileType = sourcecode.swift; path = AppDelegate.swift; sourceTree = "<group>"; };
		5A62548D25EEF0C500340AE0 /* SceneDelegate.swift */ = {isa = PBXFileReference; lastKnownFileType = sourcecode.swift; path = SceneDelegate.swift; sourceTree = "<group>"; };
		5A62548F25EEF0C500340AE0 /* MainViewController.swift */ = {isa = PBXFileReference; lastKnownFileType = sourcecode.swift; path = MainViewController.swift; sourceTree = "<group>"; };
		5A62549225EEF0C500340AE0 /* Base */ = {isa = PBXFileReference; lastKnownFileType = file.storyboard; name = Base; path = Base.lproj/Main.storyboard; sourceTree = "<group>"; };
		5A62549425EEF0C600340AE0 /* Assets.xcassets */ = {isa = PBXFileReference; lastKnownFileType = folder.assetcatalog; path = Assets.xcassets; sourceTree = "<group>"; };
		5A62549725EEF0C600340AE0 /* Base */ = {isa = PBXFileReference; lastKnownFileType = file.storyboard; name = Base; path = Base.lproj/LaunchScreen.storyboard; sourceTree = "<group>"; };
		5A62549925EEF0C600340AE0 /* Info.plist */ = {isa = PBXFileReference; lastKnownFileType = text.plist.xml; path = Info.plist; sourceTree = "<group>"; };
		5A62549E25EEF0C600340AE0 /* DayOfDieTests.xctest */ = {isa = PBXFileReference; explicitFileType = wrapper.cfbundle; includeInIndex = 0; path = DayOfDieTests.xctest; sourceTree = BUILT_PRODUCTS_DIR; };
		5A6254A225EEF0C600340AE0 /* DayOfDieTests.swift */ = {isa = PBXFileReference; lastKnownFileType = sourcecode.swift; path = DayOfDieTests.swift; sourceTree = "<group>"; };
		5A6254A425EEF0C600340AE0 /* Info.plist */ = {isa = PBXFileReference; lastKnownFileType = text.plist.xml; path = Info.plist; sourceTree = "<group>"; };
		5A6254A925EEF0C600340AE0 /* DayOfDieUITests.xctest */ = {isa = PBXFileReference; explicitFileType = wrapper.cfbundle; includeInIndex = 0; path = DayOfDieUITests.xctest; sourceTree = BUILT_PRODUCTS_DIR; };
		5A6254AD25EEF0C600340AE0 /* DayOfDieUITests.swift */ = {isa = PBXFileReference; lastKnownFileType = sourcecode.swift; path = DayOfDieUITests.swift; sourceTree = "<group>"; };
		5A6254AF25EEF0C600340AE0 /* Info.plist */ = {isa = PBXFileReference; lastKnownFileType = text.plist.xml; path = Info.plist; sourceTree = "<group>"; };
		5AB27AAF25EF862100888E49 /* SpecialPointsViewController.swift */ = {isa = PBXFileReference; lastKnownFileType = sourcecode.swift; path = SpecialPointsViewController.swift; sourceTree = "<group>"; };
/* End PBXFileReference section */

/* Begin PBXFrameworksBuildPhase section */
		5A62548525EEF0C500340AE0 /* Frameworks */ = {
			isa = PBXFrameworksBuildPhase;
			buildActionMask = 2147483647;
			files = (
			);
			runOnlyForDeploymentPostprocessing = 0;
		};
		5A62549B25EEF0C600340AE0 /* Frameworks */ = {
			isa = PBXFrameworksBuildPhase;
			buildActionMask = 2147483647;
			files = (
			);
			runOnlyForDeploymentPostprocessing = 0;
		};
		5A6254A625EEF0C600340AE0 /* Frameworks */ = {
			isa = PBXFrameworksBuildPhase;
			buildActionMask = 2147483647;
			files = (
			);
			runOnlyForDeploymentPostprocessing = 0;
		};
/* End PBXFrameworksBuildPhase section */

/* Begin PBXGroup section */
		5A62547F25EEF0C500340AE0 = {
			isa = PBXGroup;
			children = (
				5A62548A25EEF0C500340AE0 /* DayOfDie */,
				5A6254A125EEF0C600340AE0 /* DayOfDieTests */,
				5A6254AC25EEF0C600340AE0 /* DayOfDieUITests */,
				5A62548925EEF0C500340AE0 /* Products */,
			);
			sourceTree = "<group>";
		};
		5A62548925EEF0C500340AE0 /* Products */ = {
			isa = PBXGroup;
			children = (
				5A62548825EEF0C500340AE0 /* DayOfDie.app */,
				5A62549E25EEF0C600340AE0 /* DayOfDieTests.xctest */,
				5A6254A925EEF0C600340AE0 /* DayOfDieUITests.xctest */,
			);
			name = Products;
			sourceTree = "<group>";
		};
		5A62548A25EEF0C500340AE0 /* DayOfDie */ = {
			isa = PBXGroup;
			children = (
				5A62548B25EEF0C500340AE0 /* AppDelegate.swift */,
				5A62548D25EEF0C500340AE0 /* SceneDelegate.swift */,
				5A62548F25EEF0C500340AE0 /* MainViewController.swift */,
				5AB27AAF25EF862100888E49 /* SpecialPointsViewController.swift */,
				5A62549125EEF0C500340AE0 /* Main.storyboard */,
				5A62549425EEF0C600340AE0 /* Assets.xcassets */,
				5A62549625EEF0C600340AE0 /* LaunchScreen.storyboard */,
				5A62549925EEF0C600340AE0 /* Info.plist */,
			);
			path = DayOfDie;
			sourceTree = "<group>";
		};
		5A6254A125EEF0C600340AE0 /* DayOfDieTests */ = {
			isa = PBXGroup;
			children = (
				5A6254A225EEF0C600340AE0 /* DayOfDieTests.swift */,
				5A6254A425EEF0C600340AE0 /* Info.plist */,
			);
			path = DayOfDieTests;
			sourceTree = "<group>";
		};
		5A6254AC25EEF0C600340AE0 /* DayOfDieUITests */ = {
			isa = PBXGroup;
			children = (
				5A6254AD25EEF0C600340AE0 /* DayOfDieUITests.swift */,
				5A6254AF25EEF0C600340AE0 /* Info.plist */,
			);
			path = DayOfDieUITests;
			sourceTree = "<group>";
		};
/* End PBXGroup section */

/* Begin PBXNativeTarget section */
		5A62548725EEF0C500340AE0 /* DayOfDie */ = {
			isa = PBXNativeTarget;
			buildConfigurationList = 5A6254B225EEF0C600340AE0 /* Build configuration list for PBXNativeTarget "DayOfDie" */;
			buildPhases = (
				5A62548425EEF0C500340AE0 /* Sources */,
				5A62548525EEF0C500340AE0 /* Frameworks */,
				5A62548625EEF0C500340AE0 /* Resources */,
			);
			buildRules = (
			);
			dependencies = (
			);
			name = DayOfDie;
			productName = DayOfDie;
			productReference = 5A62548825EEF0C500340AE0 /* DayOfDie.app */;
			productType = "com.apple.product-type.application";
		};
		5A62549D25EEF0C600340AE0 /* DayOfDieTests */ = {
			isa = PBXNativeTarget;
			buildConfigurationList = 5A6254B525EEF0C600340AE0 /* Build configuration list for PBXNativeTarget "DayOfDieTests" */;
			buildPhases = (
				5A62549A25EEF0C600340AE0 /* Sources */,
				5A62549B25EEF0C600340AE0 /* Frameworks */,
				5A62549C25EEF0C600340AE0 /* Resources */,
			);
			buildRules = (
			);
			dependencies = (
				5A6254A025EEF0C600340AE0 /* PBXTargetDependency */,
			);
			name = DayOfDieTests;
			productName = DayOfDieTests;
			productReference = 5A62549E25EEF0C600340AE0 /* DayOfDieTests.xctest */;
			productType = "com.apple.product-type.bundle.unit-test";
		};
		5A6254A825EEF0C600340AE0 /* DayOfDieUITests */ = {
			isa = PBXNativeTarget;
			buildConfigurationList = 5A6254B825EEF0C600340AE0 /* Build configuration list for PBXNativeTarget "DayOfDieUITests" */;
			buildPhases = (
				5A6254A525EEF0C600340AE0 /* Sources */,
				5A6254A625EEF0C600340AE0 /* Frameworks */,
				5A6254A725EEF0C600340AE0 /* Resources */,
			);
			buildRules = (
			);
			dependencies = (
				5A6254AB25EEF0C600340AE0 /* PBXTargetDependency */,
			);
			name = DayOfDieUITests;
			productName = DayOfDieUITests;
			productReference = 5A6254A925EEF0C600340AE0 /* DayOfDieUITests.xctest */;
			productType = "com.apple.product-type.bundle.ui-testing";
		};
/* End PBXNativeTarget section */

/* Begin PBXProject section */
		5A62548025EEF0C500340AE0 /* Project object */ = {
			isa = PBXProject;
			attributes = {
				LastSwiftUpdateCheck = 1240;
				LastUpgradeCheck = 1240;
				TargetAttributes = {
					5A62548725EEF0C500340AE0 = {
						CreatedOnToolsVersion = 12.4;
					};
					5A62549D25EEF0C600340AE0 = {
						CreatedOnToolsVersion = 12.4;
						TestTargetID = 5A62548725EEF0C500340AE0;
					};
					5A6254A825EEF0C600340AE0 = {
						CreatedOnToolsVersion = 12.4;
						TestTargetID = 5A62548725EEF0C500340AE0;
					};
				};
			};
			buildConfigurationList = 5A62548325EEF0C500340AE0 /* Build configuration list for PBXProject "DayOfDie" */;
			compatibilityVersion = "Xcode 9.3";
			developmentRegion = en;
			hasScannedForEncodings = 0;
			knownRegions = (
				en,
				Base,
			);
			mainGroup = 5A62547F25EEF0C500340AE0;
			productRefGroup = 5A62548925EEF0C500340AE0 /* Products */;
			projectDirPath = "";
			projectRoot = "";
			targets = (
				5A62548725EEF0C500340AE0 /* DayOfDie */,
				5A62549D25EEF0C600340AE0 /* DayOfDieTests */,
				5A6254A825EEF0C600340AE0 /* DayOfDieUITests */,
			);
		};
/* End PBXProject section */

/* Begin PBXResourcesBuildPhase section */
		5A62548625EEF0C500340AE0 /* Resources */ = {
			isa = PBXResourcesBuildPhase;
			buildActionMask = 2147483647;
			files = (
				5A62549825EEF0C600340AE0 /* LaunchScreen.storyboard in Resources */,
				5A62549525EEF0C600340AE0 /* Assets.xcassets in Resources */,
				5A62549325EEF0C500340AE0 /* Main.storyboard in Resources */,
			);
			runOnlyForDeploymentPostprocessing = 0;
		};
		5A62549C25EEF0C600340AE0 /* Resources */ = {
			isa = PBXResourcesBuildPhase;
			buildActionMask = 2147483647;
			files = (
			);
			runOnlyForDeploymentPostprocessing = 0;
		};
		5A6254A725EEF0C600340AE0 /* Resources */ = {
			isa = PBXResourcesBuildPhase;
			buildActionMask = 2147483647;
			files = (
			);
			runOnlyForDeploymentPostprocessing = 0;
		};
/* End PBXResourcesBuildPhase section */

/* Begin PBXSourcesBuildPhase section */
		5A62548425EEF0C500340AE0 /* Sources */ = {
			isa = PBXSourcesBuildPhase;
			buildActionMask = 2147483647;
			files = (
				5A62549025EEF0C500340AE0 /* MainViewController.swift in Sources */,
				5A62548C25EEF0C500340AE0 /* AppDelegate.swift in Sources */,
				5A62548E25EEF0C500340AE0 /* SceneDelegate.swift in Sources */,
				5AB27AB025EF862100888E49 /* SpecialPointsViewController.swift in Sources */,
			);
			runOnlyForDeploymentPostprocessing = 0;
		};
		5A62549A25EEF0C600340AE0 /* Sources */ = {
			isa = PBXSourcesBuildPhase;
			buildActionMask = 2147483647;
			files = (
				5A6254A325EEF0C600340AE0 /* DayOfDieTests.swift in Sources */,
			);
			runOnlyForDeploymentPostprocessing = 0;
		};
		5A6254A525EEF0C600340AE0 /* Sources */ = {
			isa = PBXSourcesBuildPhase;
			buildActionMask = 2147483647;
			files = (
				5A6254AE25EEF0C600340AE0 /* DayOfDieUITests.swift in Sources */,
			);
			runOnlyForDeploymentPostprocessing = 0;
		};
/* End PBXSourcesBuildPhase section */

/* Begin PBXTargetDependency section */
		5A6254A025EEF0C600340AE0 /* PBXTargetDependency */ = {
			isa = PBXTargetDependency;
			target = 5A62548725EEF0C500340AE0 /* DayOfDie */;
			targetProxy = 5A62549F25EEF0C600340AE0 /* PBXContainerItemProxy */;
		};
		5A6254AB25EEF0C600340AE0 /* PBXTargetDependency */ = {
			isa = PBXTargetDependency;
			target = 5A62548725EEF0C500340AE0 /* DayOfDie */;
			targetProxy = 5A6254AA25EEF0C600340AE0 /* PBXContainerItemProxy */;
		};
/* End PBXTargetDependency section */

/* Begin PBXVariantGroup section */
		5A62549125EEF0C500340AE0 /* Main.storyboard */ = {
			isa = PBXVariantGroup;
			children = (
				5A62549225EEF0C500340AE0 /* Base */,
			);
			name = Main.storyboard;
			sourceTree = "<group>";
		};
		5A62549625EEF0C600340AE0 /* LaunchScreen.storyboard */ = {
			isa = PBXVariantGroup;
			children = (
				5A62549725EEF0C600340AE0 /* Base */,
			);
			name = LaunchScreen.storyboard;
			sourceTree = "<group>";
		};
/* End PBXVariantGroup section */

/* Begin XCBuildConfiguration section */
		5A6254B025EEF0C600340AE0 /* Debug */ = {
			isa = XCBuildConfiguration;
			buildSettings = {
				ALWAYS_SEARCH_USER_PATHS = NO;
				CLANG_ANALYZER_NONNULL = YES;
				CLANG_ANALYZER_NUMBER_OBJECT_CONVERSION = YES_AGGRESSIVE;
				CLANG_CXX_LANGUAGE_STANDARD = "gnu++14";
				CLANG_CXX_LIBRARY = "libc++";
				CLANG_ENABLE_MODULES = YES;
				CLANG_ENABLE_OBJC_ARC = YES;
				CLANG_ENABLE_OBJC_WEAK = YES;
				CLANG_WARN_BLOCK_CAPTURE_AUTORELEASING = YES;
				CLANG_WARN_BOOL_CONVERSION = YES;
				CLANG_WARN_COMMA = YES;
				CLANG_WARN_CONSTANT_CONVERSION = YES;
				CLANG_WARN_DEPRECATED_OBJC_IMPLEMENTATIONS = YES;
				CLANG_WARN_DIRECT_OBJC_ISA_USAGE = YES_ERROR;
				CLANG_WARN_DOCUMENTATION_COMMENTS = YES;
				CLANG_WARN_EMPTY_BODY = YES;
				CLANG_WARN_ENUM_CONVERSION = YES;
				CLANG_WARN_INFINITE_RECURSION = YES;
				CLANG_WARN_INT_CONVERSION = YES;
				CLANG_WARN_NON_LITERAL_NULL_CONVERSION = YES;
				CLANG_WARN_OBJC_IMPLICIT_RETAIN_SELF = YES;
				CLANG_WARN_OBJC_LITERAL_CONVERSION = YES;
				CLANG_WARN_OBJC_ROOT_CLASS = YES_ERROR;
				CLANG_WARN_QUOTED_INCLUDE_IN_FRAMEWORK_HEADER = YES;
				CLANG_WARN_RANGE_LOOP_ANALYSIS = YES;
				CLANG_WARN_STRICT_PROTOTYPES = YES;
				CLANG_WARN_SUSPICIOUS_MOVE = YES;
				CLANG_WARN_UNGUARDED_AVAILABILITY = YES_AGGRESSIVE;
				CLANG_WARN_UNREACHABLE_CODE = YES;
				CLANG_WARN__DUPLICATE_METHOD_MATCH = YES;
				COPY_PHASE_STRIP = NO;
				DEBUG_INFORMATION_FORMAT = dwarf;
				ENABLE_STRICT_OBJC_MSGSEND = YES;
				ENABLE_TESTABILITY = YES;
				GCC_C_LANGUAGE_STANDARD = gnu11;
				GCC_DYNAMIC_NO_PIC = NO;
				GCC_NO_COMMON_BLOCKS = YES;
				GCC_OPTIMIZATION_LEVEL = 0;
				GCC_PREPROCESSOR_DEFINITIONS = (
					"DEBUG=1",
					"$(inherited)",
				);
				GCC_WARN_64_TO_32_BIT_CONVERSION = YES;
				GCC_WARN_ABOUT_RETURN_TYPE = YES_ERROR;
				GCC_WARN_UNDECLARED_SELECTOR = YES;
				GCC_WARN_UNINITIALIZED_AUTOS = YES_AGGRESSIVE;
				GCC_WARN_UNUSED_FUNCTION = YES;
				GCC_WARN_UNUSED_VARIABLE = YES;
				IPHONEOS_DEPLOYMENT_TARGET = 14.4;
				MTL_ENABLE_DEBUG_INFO = INCLUDE_SOURCE;
				MTL_FAST_MATH = YES;
				ONLY_ACTIVE_ARCH = YES;
				SDKROOT = iphoneos;
				SWIFT_ACTIVE_COMPILATION_CONDITIONS = DEBUG;
				SWIFT_OPTIMIZATION_LEVEL = "-Onone";
			};
			name = Debug;
		};
		5A6254B125EEF0C600340AE0 /* Release */ = {
			isa = XCBuildConfiguration;
			buildSettings = {
				ALWAYS_SEARCH_USER_PATHS = NO;
				CLANG_ANALYZER_NONNULL = YES;
				CLANG_ANALYZER_NUMBER_OBJECT_CONVERSION = YES_AGGRESSIVE;
				CLANG_CXX_LANGUAGE_STANDARD = "gnu++14";
				CLANG_CXX_LIBRARY = "libc++";
				CLANG_ENABLE_MODULES = YES;
				CLANG_ENABLE_OBJC_ARC = YES;
				CLANG_ENABLE_OBJC_WEAK = YES;
				CLANG_WARN_BLOCK_CAPTURE_AUTORELEASING = YES;
				CLANG_WARN_BOOL_CONVERSION = YES;
				CLANG_WARN_COMMA = YES;
				CLANG_WARN_CONSTANT_CONVERSION = YES;
				CLANG_WARN_DEPRECATED_OBJC_IMPLEMENTATIONS = YES;
				CLANG_WARN_DIRECT_OBJC_ISA_USAGE = YES_ERROR;
				CLANG_WARN_DOCUMENTATION_COMMENTS = YES;
				CLANG_WARN_EMPTY_BODY = YES;
				CLANG_WARN_ENUM_CONVERSION = YES;
				CLANG_WARN_INFINITE_RECURSION = YES;
				CLANG_WARN_INT_CONVERSION = YES;
				CLANG_WARN_NON_LITERAL_NULL_CONVERSION = YES;
				CLANG_WARN_OBJC_IMPLICIT_RETAIN_SELF = YES;
				CLANG_WARN_OBJC_LITERAL_CONVERSION = YES;
				CLANG_WARN_OBJC_ROOT_CLASS = YES_ERROR;
				CLANG_WARN_QUOTED_INCLUDE_IN_FRAMEWORK_HEADER = YES;
				CLANG_WARN_RANGE_LOOP_ANALYSIS = YES;
				CLANG_WARN_STRICT_PROTOTYPES = YES;
				CLANG_WARN_SUSPICIOUS_MOVE = YES;
				CLANG_WARN_UNGUARDED_AVAILABILITY = YES_AGGRESSIVE;
				CLANG_WARN_UNREACHABLE_CODE = YES;
				CLANG_WARN__DUPLICATE_METHOD_MATCH = YES;
				COPY_PHASE_STRIP = NO;
				DEBUG_INFORMATION_FORMAT = "dwarf-with-dsym";
				ENABLE_NS_ASSERTIONS = NO;
				ENABLE_STRICT_OBJC_MSGSEND = YES;
				GCC_C_LANGUAGE_STANDARD = gnu11;
				GCC_NO_COMMON_BLOCKS = YES;
				GCC_WARN_64_TO_32_BIT_CONVERSION = YES;
				GCC_WARN_ABOUT_RETURN_TYPE = YES_ERROR;
				GCC_WARN_UNDECLARED_SELECTOR = YES;
				GCC_WARN_UNINITIALIZED_AUTOS = YES_AGGRESSIVE;
				GCC_WARN_UNUSED_FUNCTION = YES;
				GCC_WARN_UNUSED_VARIABLE = YES;
				IPHONEOS_DEPLOYMENT_TARGET = 14.4;
				MTL_ENABLE_DEBUG_INFO = NO;
				MTL_FAST_MATH = YES;
				SDKROOT = iphoneos;
				SWIFT_COMPILATION_MODE = wholemodule;
				SWIFT_OPTIMIZATION_LEVEL = "-O";
				VALIDATE_PRODUCT = YES;
			};
			name = Release;
		};
		5A6254B325EEF0C600340AE0 /* Debug */ = {
			isa = XCBuildConfiguration;
			buildSettings = {
				ASSETCATALOG_COMPILER_APPICON_NAME = AppIcon;
				ASSETCATALOG_COMPILER_GLOBAL_ACCENT_COLOR_NAME = AccentColor;
				CODE_SIGN_STYLE = Automatic;
				DEVELOPMENT_TEAM = MS9FFZU9UZ;
				INFOPLIST_FILE = DayOfDie/Info.plist;
				LD_RUNPATH_SEARCH_PATHS = (
					"$(inherited)",
					"@executable_path/Frameworks",
				);
				PRODUCT_BUNDLE_IDENTIFIER = aberard.DayOfDie;
				PRODUCT_NAME = "$(TARGET_NAME)";
				SWIFT_VERSION = 5.0;
				TARGETED_DEVICE_FAMILY = 1;
			};
			name = Debug;
		};
		5A6254B425EEF0C600340AE0 /* Release */ = {
			isa = XCBuildConfiguration;
			buildSettings = {
				ASSETCATALOG_COMPILER_APPICON_NAME = AppIcon;
				ASSETCATALOG_COMPILER_GLOBAL_ACCENT_COLOR_NAME = AccentColor;
				CODE_SIGN_STYLE = Automatic;
				DEVELOPMENT_TEAM = MS9FFZU9UZ;
				INFOPLIST_FILE = DayOfDie/Info.plist;
				LD_RUNPATH_SEARCH_PATHS = (
					"$(inherited)",
					"@executable_path/Frameworks",
				);
				PRODUCT_BUNDLE_IDENTIFIER = aberard.DayOfDie;
				PRODUCT_NAME = "$(TARGET_NAME)";
				SWIFT_VERSION = 5.0;
				TARGETED_DEVICE_FAMILY = 1;
			};
			name = Release;
		};
		5A6254B625EEF0C600340AE0 /* Debug */ = {
			isa = XCBuildConfiguration;
			buildSettings = {
				ALWAYS_EMBED_SWIFT_STANDARD_LIBRARIES = YES;
				BUNDLE_LOADER = "$(TEST_HOST)";
				CODE_SIGN_STYLE = Automatic;
				DEVELOPMENT_TEAM = MS9FFZU9UZ;
				INFOPLIST_FILE = DayOfDieTests/Info.plist;
				IPHONEOS_DEPLOYMENT_TARGET = 14.4;
				LD_RUNPATH_SEARCH_PATHS = (
					"$(inherited)",
					"@executable_path/Frameworks",
					"@loader_path/Frameworks",
				);
				PRODUCT_BUNDLE_IDENTIFIER = aberard.DayOfDieTests;
				PRODUCT_NAME = "$(TARGET_NAME)";
				SWIFT_VERSION = 5.0;
				TARGETED_DEVICE_FAMILY = "1,2";
				TEST_HOST = "$(BUILT_PRODUCTS_DIR)/DayOfDie.app/DayOfDie";
			};
			name = Debug;
		};
		5A6254B725EEF0C600340AE0 /* Release */ = {
			isa = XCBuildConfiguration;
			buildSettings = {
				ALWAYS_EMBED_SWIFT_STANDARD_LIBRARIES = YES;
				BUNDLE_LOADER = "$(TEST_HOST)";
				CODE_SIGN_STYLE = Automatic;
				DEVELOPMENT_TEAM = MS9FFZU9UZ;
				INFOPLIST_FILE = DayOfDieTests/Info.plist;
				IPHONEOS_DEPLOYMENT_TARGET = 14.4;
				LD_RUNPATH_SEARCH_PATHS = (
					"$(inherited)",
					"@executable_path/Frameworks",
					"@loader_path/Frameworks",
				);
				PRODUCT_BUNDLE_IDENTIFIER = aberard.DayOfDieTests;
				PRODUCT_NAME = "$(TARGET_NAME)";
				SWIFT_VERSION = 5.0;
				TARGETED_DEVICE_FAMILY = "1,2";
				TEST_HOST = "$(BUILT_PRODUCTS_DIR)/DayOfDie.app/DayOfDie";
			};
			name = Release;
		};
		5A6254B925EEF0C600340AE0 /* Debug */ = {
			isa = XCBuildConfiguration;
			buildSettings = {
				ALWAYS_EMBED_SWIFT_STANDARD_LIBRARIES = YES;
				CODE_SIGN_STYLE = Automatic;
				DEVELOPMENT_TEAM = MS9FFZU9UZ;
				INFOPLIST_FILE = DayOfDieUITests/Info.plist;
				LD_RUNPATH_SEARCH_PATHS = (
					"$(inherited)",
					"@executable_path/Frameworks",
					"@loader_path/Frameworks",
				);
				PRODUCT_BUNDLE_IDENTIFIER = aberard.DayOfDieUITests;
				PRODUCT_NAME = "$(TARGET_NAME)";
				SWIFT_VERSION = 5.0;
				TARGETED_DEVICE_FAMILY = "1,2";
				TEST_TARGET_NAME = DayOfDie;
			};
			name = Debug;
		};
		5A6254BA25EEF0C600340AE0 /* Release */ = {
			isa = XCBuildConfiguration;
			buildSettings = {
				ALWAYS_EMBED_SWIFT_STANDARD_LIBRARIES = YES;
				CODE_SIGN_STYLE = Automatic;
				DEVELOPMENT_TEAM = MS9FFZU9UZ;
				INFOPLIST_FILE = DayOfDieUITests/Info.plist;
				LD_RUNPATH_SEARCH_PATHS = (
					"$(inherited)",
					"@executable_path/Frameworks",
					"@loader_path/Frameworks",
				);
				PRODUCT_BUNDLE_IDENTIFIER = aberard.DayOfDieUITests;
				PRODUCT_NAME = "$(TARGET_NAME)";
				SWIFT_VERSION = 5.0;
				TARGETED_DEVICE_FAMILY = "1,2";
				TEST_TARGET_NAME = DayOfDie;
			};
			name = Release;
		};
/* End XCBuildConfiguration section */

/* Begin XCConfigurationList section */
		5A62548325EEF0C500340AE0 /* Build configuration list for PBXProject "DayOfDie" */ = {
			isa = XCConfigurationList;
			buildConfigurations = (
				5A6254B025EEF0C600340AE0 /* Debug */,
				5A6254B125EEF0C600340AE0 /* Release */,
			);
			defaultConfigurationIsVisible = 0;
			defaultConfigurationName = Release;
		};
		5A6254B225EEF0C600340AE0 /* Build configuration list for PBXNativeTarget "DayOfDie" */ = {
			isa = XCConfigurationList;
			buildConfigurations = (
				5A6254B325EEF0C600340AE0 /* Debug */,
				5A6254B425EEF0C600340AE0 /* Release */,
			);
			defaultConfigurationIsVisible = 0;
			defaultConfigurationName = Release;
		};
		5A6254B525EEF0C600340AE0 /* Build configuration list for PBXNativeTarget "DayOfDieTests" */ = {
			isa = XCConfigurationList;
			buildConfigurations = (
				5A6254B625EEF0C600340AE0 /* Debug */,
				5A6254B725EEF0C600340AE0 /* Release */,
			);
			defaultConfigurationIsVisible = 0;
			defaultConfigurationName = Release;
		};
		5A6254B825EEF0C600340AE0 /* Build configuration list for PBXNativeTarget "DayOfDieUITests" */ = {
			isa = XCConfigurationList;
			buildConfigurations = (
				5A6254B925EEF0C600340AE0 /* Debug */,
				5A6254BA25EEF0C600340AE0 /* Release */,
			);
			defaultConfigurationIsVisible = 0;
			defaultConfigurationName = Release;
		};
/* End XCConfigurationList section */
	};
	rootObject = 5A62548025EEF0C500340AE0 /* Project object */;
}
