// !$*UTF8*$!
{
	archiveVersion = 1;
	classes = {
	};
	objectVersion = 51;
	objects = {

/* Begin PBXBuildFile section */
		17072CBC79790F7C220F16AB /* Pods_DayOfDieTests.framework in Frameworks */ = {isa = PBXBuildFile; fileRef = DE7D6D7994CB3F84710781E1 /* Pods_DayOfDieTests.framework */; };
		30CC533BCB0BB66E622973D0 /* Pods_DayOfDie_DayOfDieUITests.framework in Frameworks */ = {isa = PBXBuildFile; fileRef = 2C5B5E6DA33B8DA4B869B3A8 /* Pods_DayOfDie_DayOfDieUITests.framework */; };
		4B27048A26EBFB4000AAD699 /* User.swift in Sources */ = {isa = PBXBuildFile; fileRef = 4B27048926EBFB4000AAD699 /* User.swift */; };
		4B27049226EC11F800AAD699 /* PointScoreTrackerViewController.swift in Sources */ = {isa = PBXBuildFile; fileRef = 4B27049026EC11F800AAD699 /* PointScoreTrackerViewController.swift */; };
		4B27049926EC151B00AAD699 /* PointScoreTracker.xib in Resources */ = {isa = PBXBuildFile; fileRef = 4B27049826EC151B00AAD699 /* PointScoreTracker.xib */; };
		4B4D83F926EBD9DF00FEA2E6 /* LoadingViewController.swift in Sources */ = {isa = PBXBuildFile; fileRef = 4B4D83F826EBD9DF00FEA2E6 /* LoadingViewController.swift */; };
		4BAF524926EB3B8B00595302 /* StartViewController.swift in Sources */ = {isa = PBXBuildFile; fileRef = 4BAF524826EB3B8B00595302 /* StartViewController.swift */; };
		4BAF524D26EB3BEC00595302 /* RegisterViewController.swift in Sources */ = {isa = PBXBuildFile; fileRef = 4BAF524C26EB3BEC00595302 /* RegisterViewController.swift */; };
		4BAF524F26EB3C1300595302 /* SignInViewController.swift in Sources */ = {isa = PBXBuildFile; fileRef = 4BAF524E26EB3C1300595302 /* SignInViewController.swift */; };
		4BAF525126EB3C3000595302 /* AuthValidators.swift in Sources */ = {isa = PBXBuildFile; fileRef = 4BAF525026EB3C3000595302 /* AuthValidators.swift */; };
		5A1A9B7E26C3B10E00B903DB /* Friend.swift in Sources */ = {isa = PBXBuildFile; fileRef = 5A1A9B7D26C3B10000B903DB /* Friend.swift */; };
		5A23AE4D25F16816005C2310 /* Game.swift in Sources */ = {isa = PBXBuildFile; fileRef = 5A23AE4C25F16816005C2310 /* Game.swift */; };
		5A30E3F326BDC8C40043A91C /* UserViewConViewController.swift in Sources */ = {isa = PBXBuildFile; fileRef = 5A30E3F226BDC8C40043A91C /* UserViewConViewController.swift */; };
		5A582AF62631497E0004E7F0 /* PlayerPointsTableViewController.swift in Sources */ = {isa = PBXBuildFile; fileRef = 5A582AF52631497E0004E7F0 /* PlayerPointsTableViewController.swift */; };
		5A582AFF263149EE0004E7F0 /* PlayerPointsTableViewCell.swift in Sources */ = {isa = PBXBuildFile; fileRef = 5A582AFD263149EE0004E7F0 /* PlayerPointsTableViewCell.swift */; };
		5A62548C25EEF0C500340AE0 /* AppDelegate.swift in Sources */ = {isa = PBXBuildFile; fileRef = 5A62548B25EEF0C500340AE0 /* AppDelegate.swift */; };
		5A62548E25EEF0C500340AE0 /* SceneDelegate.swift in Sources */ = {isa = PBXBuildFile; fileRef = 5A62548D25EEF0C500340AE0 /* SceneDelegate.swift */; };
		5A62549025EEF0C500340AE0 /* MainTrackingViewController.swift in Sources */ = {isa = PBXBuildFile; fileRef = 5A62548F25EEF0C500340AE0 /* MainTrackingViewController.swift */; };
		5A62549325EEF0C500340AE0 /* Main.storyboard in Resources */ = {isa = PBXBuildFile; fileRef = 5A62549125EEF0C500340AE0 /* Main.storyboard */; };
		5A62549525EEF0C600340AE0 /* Assets.xcassets in Resources */ = {isa = PBXBuildFile; fileRef = 5A62549425EEF0C600340AE0 /* Assets.xcassets */; };
		5A62549825EEF0C600340AE0 /* LaunchScreen.storyboard in Resources */ = {isa = PBXBuildFile; fileRef = 5A62549625EEF0C600340AE0 /* LaunchScreen.storyboard */; };
		5A6254A325EEF0C600340AE0 /* DayOfDieTests.swift in Sources */ = {isa = PBXBuildFile; fileRef = 5A6254A225EEF0C600340AE0 /* DayOfDieTests.swift */; };
		5A6254AE25EEF0C600340AE0 /* DayOfDieUITests.swift in Sources */ = {isa = PBXBuildFile; fileRef = 5A6254AD25EEF0C600340AE0 /* DayOfDieUITests.swift */; };
		5A6ED7192641255B005552D7 /* UserTableView.swift in Sources */ = {isa = PBXBuildFile; fileRef = 5A6ED7182641255B005552D7 /* UserTableView.swift */; };
		5A741B46260D7AC2004651E7 /* GameTableViewController.swift in Sources */ = {isa = PBXBuildFile; fileRef = 5A741B45260D7AC2004651E7 /* GameTableViewController.swift */; };
		5A741B55260D813A004651E7 /* GameTableViewCell.swift in Sources */ = {isa = PBXBuildFile; fileRef = 5A741B54260D813A004651E7 /* GameTableViewCell.swift */; };
		5A741B60260D99B3004651E7 /* ChoosePlayersViewController.swift in Sources */ = {isa = PBXBuildFile; fileRef = 5A741B5F260D99B3004651E7 /* ChoosePlayersViewController.swift */; };
		5A83FAAE260EF19E00831C68 /* Point.swift in Sources */ = {isa = PBXBuildFile; fileRef = 5A83FAAD260EF19E00831C68 /* Point.swift */; };
		5A83FAC6260FB24900831C68 /* ChoosePlayersViewController.swift in Sources */ = {isa = PBXBuildFile; fileRef = 5A741B5F260D99B3004651E7 /* ChoosePlayersViewController.swift */; };
		5A83FACA260FB24B00831C68 /* ChoosePlayersViewController.swift in Sources */ = {isa = PBXBuildFile; fileRef = 5A741B5F260D99B3004651E7 /* ChoosePlayersViewController.swift */; };
		5A83FAD12610F78400831C68 /* MainTrackingViewController.swift in Sources */ = {isa = PBXBuildFile; fileRef = 5A62548F25EEF0C500340AE0 /* MainTrackingViewController.swift */; };
		5A83FAD52610F78400831C68 /* MainTrackingViewController.swift in Sources */ = {isa = PBXBuildFile; fileRef = 5A62548F25EEF0C500340AE0 /* MainTrackingViewController.swift */; };
		5A8DE2DB26410AAA00AE353B /* FriendTableViewCells.swift in Sources */ = {isa = PBXBuildFile; fileRef = 5A8DE2D026410A9A00AE353B /* FriendTableViewCells.swift */; };
		5A976A782620A04000E5B7F6 /* GameDetailViewController.swift in Sources */ = {isa = PBXBuildFile; fileRef = 5A976A772620A04000E5B7F6 /* GameDetailViewController.swift */; };
		5A9813F72617F62800C37E2C /* ApprovedFriendsTableViewController.swift in Sources */ = {isa = PBXBuildFile; fileRef = 5A9813F62617F62800C37E2C /* ApprovedFriendsTableViewController.swift */; };
		5AC3B75426312D3C0079C9FB /* PlayersTableScoreView.xib in Resources */ = {isa = PBXBuildFile; fileRef = 5AC3B75326312D3C0079C9FB /* PlayersTableScoreView.xib */; };
		5AC3B766263132790079C9FB /* PlayersTableScoreView.swift in Sources */ = {isa = PBXBuildFile; fileRef = 5AC3B75826312D630079C9FB /* PlayersTableScoreView.swift */; };
		5AD81E822634BC2A00FBAB73 /* FriendDetailViewController.swift in Sources */ = {isa = PBXBuildFile; fileRef = 5AD81E812634BC2A00FBAB73 /* FriendDetailViewController.swift */; };
		5AE28ECA263A8C5C00105666 /* PendingFriendsTableViewController.swift in Sources */ = {isa = PBXBuildFile; fileRef = 5AE28EC9263A8C5C00105666 /* PendingFriendsTableViewController.swift */; };
		5AE28ED2263A913500105666 /* AddFriendViewController.swift in Sources */ = {isa = PBXBuildFile; fileRef = 5AE28ED1263A913500105666 /* AddFriendViewController.swift */; };
		7532A687BC80B823DC73E17C /* Pods_DayOfDie.framework in Frameworks */ = {isa = PBXBuildFile; fileRef = E7BA17B4CCE1A66794031A9B /* Pods_DayOfDie.framework */; };
/* End PBXBuildFile section */

/* Begin PBXContainerItemProxy section */
		5A62549F25EEF0C600340AE0 /* PBXContainerItemProxy */ = {
			isa = PBXContainerItemProxy;
			containerPortal = 5A62548025EEF0C500340AE0 /* Project object */;
			proxyType = 1;
			remoteGlobalIDString = 5A62548725EEF0C500340AE0;
			remoteInfo = DayOfDie;
		};
		5A6254AA25EEF0C600340AE0 /* PBXContainerItemProxy */ = {
			isa = PBXContainerItemProxy;
			containerPortal = 5A62548025EEF0C500340AE0 /* Project object */;
			proxyType = 1;
			remoteGlobalIDString = 5A62548725EEF0C500340AE0;
			remoteInfo = DayOfDie;
		};
/* End PBXContainerItemProxy section */

/* Begin PBXFileReference section */
		2254E54943498E87AB5440BE /* Pods-DayOfDie.debug.xcconfig */ = {isa = PBXFileReference; includeInIndex = 1; lastKnownFileType = text.xcconfig; name = "Pods-DayOfDie.debug.xcconfig"; path = "Target Support Files/Pods-DayOfDie/Pods-DayOfDie.debug.xcconfig"; sourceTree = "<group>"; };
		2C5B5E6DA33B8DA4B869B3A8 /* Pods_DayOfDie_DayOfDieUITests.framework */ = {isa = PBXFileReference; explicitFileType = wrapper.framework; includeInIndex = 0; path = Pods_DayOfDie_DayOfDieUITests.framework; sourceTree = BUILT_PRODUCTS_DIR; };
		37F14D330D1BC50004B5EE5F /* Pods-DayOfDie-DayOfDieUITests.debug.xcconfig */ = {isa = PBXFileReference; includeInIndex = 1; lastKnownFileType = text.xcconfig; name = "Pods-DayOfDie-DayOfDieUITests.debug.xcconfig"; path = "Target Support Files/Pods-DayOfDie-DayOfDieUITests/Pods-DayOfDie-DayOfDieUITests.debug.xcconfig"; sourceTree = "<group>"; };
		4B27048926EBFB4000AAD699 /* User.swift */ = {isa = PBXFileReference; lastKnownFileType = sourcecode.swift; path = User.swift; sourceTree = "<group>"; };
		4B27049026EC11F800AAD699 /* PointScoreTrackerViewController.swift */ = {isa = PBXFileReference; lastKnownFileType = sourcecode.swift; path = PointScoreTrackerViewController.swift; sourceTree = "<group>"; };
		4B27049826EC151B00AAD699 /* PointScoreTracker.xib */ = {isa = PBXFileReference; lastKnownFileType = file.xib; path = PointScoreTracker.xib; sourceTree = "<group>"; };
		4B4D83F826EBD9DF00FEA2E6 /* LoadingViewController.swift */ = {isa = PBXFileReference; lastKnownFileType = sourcecode.swift; path = LoadingViewController.swift; sourceTree = "<group>"; };
		4BAF524826EB3B8B00595302 /* StartViewController.swift */ = {isa = PBXFileReference; lastKnownFileType = sourcecode.swift; path = StartViewController.swift; sourceTree = "<group>"; };
		4BAF524C26EB3BEC00595302 /* RegisterViewController.swift */ = {isa = PBXFileReference; lastKnownFileType = sourcecode.swift; path = RegisterViewController.swift; sourceTree = "<group>"; };
		4BAF524E26EB3C1300595302 /* SignInViewController.swift */ = {isa = PBXFileReference; lastKnownFileType = sourcecode.swift; path = SignInViewController.swift; sourceTree = "<group>"; };
		4BAF525026EB3C3000595302 /* AuthValidators.swift */ = {isa = PBXFileReference; lastKnownFileType = sourcecode.swift; path = AuthValidators.swift; sourceTree = "<group>"; };
		5A1A9B7D26C3B10000B903DB /* Friend.swift */ = {isa = PBXFileReference; lastKnownFileType = sourcecode.swift; path = Friend.swift; sourceTree = "<group>"; };
		5A23AE4C25F16816005C2310 /* Game.swift */ = {isa = PBXFileReference; lastKnownFileType = sourcecode.swift; path = Game.swift; sourceTree = "<group>"; };
		5A30E3F226BDC8C40043A91C /* UserViewConViewController.swift */ = {isa = PBXFileReference; lastKnownFileType = sourcecode.swift; path = UserViewConViewController.swift; sourceTree = "<group>"; };
		5A582AF52631497E0004E7F0 /* PlayerPointsTableViewController.swift */ = {isa = PBXFileReference; lastKnownFileType = sourcecode.swift; path = PlayerPointsTableViewController.swift; sourceTree = "<group>"; };
		5A582AFD263149EE0004E7F0 /* PlayerPointsTableViewCell.swift */ = {isa = PBXFileReference; lastKnownFileType = sourcecode.swift; path = PlayerPointsTableViewCell.swift; sourceTree = "<group>"; };
		5A62548825EEF0C500340AE0 /* DayOfDie.app */ = {isa = PBXFileReference; explicitFileType = wrapper.application; includeInIndex = 0; path = DayOfDie.app; sourceTree = BUILT_PRODUCTS_DIR; };
		5A62548B25EEF0C500340AE0 /* AppDelegate.swift */ = {isa = PBXFileReference; lastKnownFileType = sourcecode.swift; path = AppDelegate.swift; sourceTree = "<group>"; };
		5A62548D25EEF0C500340AE0 /* SceneDelegate.swift */ = {isa = PBXFileReference; lastKnownFileType = sourcecode.swift; path = SceneDelegate.swift; sourceTree = "<group>"; };
		5A62548F25EEF0C500340AE0 /* MainTrackingViewController.swift */ = {isa = PBXFileReference; lastKnownFileType = sourcecode.swift; path = MainTrackingViewController.swift; sourceTree = "<group>"; };
		5A62549225EEF0C500340AE0 /* Base */ = {isa = PBXFileReference; lastKnownFileType = file.storyboard; name = Base; path = Base.lproj/Main.storyboard; sourceTree = "<group>"; };
		5A62549425EEF0C600340AE0 /* Assets.xcassets */ = {isa = PBXFileReference; lastKnownFileType = folder.assetcatalog; path = Assets.xcassets; sourceTree = "<group>"; };
		5A62549725EEF0C600340AE0 /* Base */ = {isa = PBXFileReference; lastKnownFileType = file.storyboard; name = Base; path = Base.lproj/LaunchScreen.storyboard; sourceTree = "<group>"; };
		5A62549925EEF0C600340AE0 /* Info.plist */ = {isa = PBXFileReference; lastKnownFileType = text.plist.xml; path = Info.plist; sourceTree = "<group>"; };
		5A62549E25EEF0C600340AE0 /* DayOfDieTests.xctest */ = {isa = PBXFileReference; explicitFileType = wrapper.cfbundle; includeInIndex = 0; path = DayOfDieTests.xctest; sourceTree = BUILT_PRODUCTS_DIR; };
		5A6254A225EEF0C600340AE0 /* DayOfDieTests.swift */ = {isa = PBXFileReference; lastKnownFileType = sourcecode.swift; path = DayOfDieTests.swift; sourceTree = "<group>"; };
		5A6254A425EEF0C600340AE0 /* Info.plist */ = {isa = PBXFileReference; lastKnownFileType = text.plist.xml; path = Info.plist; sourceTree = "<group>"; };
		5A6254A925EEF0C600340AE0 /* DayOfDieUITests.xctest */ = {isa = PBXFileReference; explicitFileType = wrapper.cfbundle; includeInIndex = 0; path = DayOfDieUITests.xctest; sourceTree = BUILT_PRODUCTS_DIR; };
		5A6254AD25EEF0C600340AE0 /* DayOfDieUITests.swift */ = {isa = PBXFileReference; lastKnownFileType = sourcecode.swift; path = DayOfDieUITests.swift; sourceTree = "<group>"; };
		5A6254AF25EEF0C600340AE0 /* Info.plist */ = {isa = PBXFileReference; lastKnownFileType = text.plist.xml; path = Info.plist; sourceTree = "<group>"; };
		5A6ED7182641255B005552D7 /* UserTableView.swift */ = {isa = PBXFileReference; lastKnownFileType = sourcecode.swift; path = UserTableView.swift; sourceTree = "<group>"; };
		5A741B45260D7AC2004651E7 /* GameTableViewController.swift */ = {isa = PBXFileReference; lastKnownFileType = sourcecode.swift; path = GameTableViewController.swift; sourceTree = "<group>"; };
		5A741B54260D813A004651E7 /* GameTableViewCell.swift */ = {isa = PBXFileReference; lastKnownFileType = sourcecode.swift; path = GameTableViewCell.swift; sourceTree = "<group>"; };
		5A741B5F260D99B3004651E7 /* ChoosePlayersViewController.swift */ = {isa = PBXFileReference; lastKnownFileType = sourcecode.swift; path = ChoosePlayersViewController.swift; sourceTree = "<group>"; };
		5A83FAAD260EF19E00831C68 /* Point.swift */ = {isa = PBXFileReference; lastKnownFileType = sourcecode.swift; path = Point.swift; sourceTree = "<group>"; };
		5A8DE2D026410A9A00AE353B /* FriendTableViewCells.swift */ = {isa = PBXFileReference; lastKnownFileType = sourcecode.swift; path = FriendTableViewCells.swift; sourceTree = "<group>"; };
		5A976A772620A04000E5B7F6 /* GameDetailViewController.swift */ = {isa = PBXFileReference; lastKnownFileType = sourcecode.swift; path = GameDetailViewController.swift; sourceTree = "<group>"; };
		5A9813F62617F62800C37E2C /* ApprovedFriendsTableViewController.swift */ = {isa = PBXFileReference; lastKnownFileType = sourcecode.swift; path = ApprovedFriendsTableViewController.swift; sourceTree = "<group>"; };
		5AC3B75326312D3C0079C9FB /* PlayersTableScoreView.xib */ = {isa = PBXFileReference; lastKnownFileType = file.xib; path = PlayersTableScoreView.xib; sourceTree = "<group>"; };
		5AC3B75826312D630079C9FB /* PlayersTableScoreView.swift */ = {isa = PBXFileReference; lastKnownFileType = sourcecode.swift; path = PlayersTableScoreView.swift; sourceTree = "<group>"; };
		5AD7FD9826C3958F001FB735 /* Manual Testing */ = {isa = PBXFileReference; lastKnownFileType = text; path = "Manual Testing"; sourceTree = "<group>"; };
		5AD81E812634BC2A00FBAB73 /* FriendDetailViewController.swift */ = {isa = PBXFileReference; lastKnownFileType = sourcecode.swift; path = FriendDetailViewController.swift; sourceTree = "<group>"; };
		5AE28EC9263A8C5C00105666 /* PendingFriendsTableViewController.swift */ = {isa = PBXFileReference; lastKnownFileType = sourcecode.swift; path = PendingFriendsTableViewController.swift; sourceTree = "<group>"; };
		5AE28ED1263A913500105666 /* AddFriendViewController.swift */ = {isa = PBXFileReference; lastKnownFileType = sourcecode.swift; path = AddFriendViewController.swift; sourceTree = "<group>"; };
		95F22CEC3258E2AFC763950E /* Pods-DayOfDie.release.xcconfig */ = {isa = PBXFileReference; includeInIndex = 1; lastKnownFileType = text.xcconfig; name = "Pods-DayOfDie.release.xcconfig"; path = "Target Support Files/Pods-DayOfDie/Pods-DayOfDie.release.xcconfig"; sourceTree = "<group>"; };
		9C8037FB6D92798CB0952A04 /* Pods-DayOfDieTests.release.xcconfig */ = {isa = PBXFileReference; includeInIndex = 1; lastKnownFileType = text.xcconfig; name = "Pods-DayOfDieTests.release.xcconfig"; path = "Target Support Files/Pods-DayOfDieTests/Pods-DayOfDieTests.release.xcconfig"; sourceTree = "<group>"; };
		DE7D6D7994CB3F84710781E1 /* Pods_DayOfDieTests.framework */ = {isa = PBXFileReference; explicitFileType = wrapper.framework; includeInIndex = 0; path = Pods_DayOfDieTests.framework; sourceTree = BUILT_PRODUCTS_DIR; };
		E7BA17B4CCE1A66794031A9B /* Pods_DayOfDie.framework */ = {isa = PBXFileReference; explicitFileType = wrapper.framework; includeInIndex = 0; path = Pods_DayOfDie.framework; sourceTree = BUILT_PRODUCTS_DIR; };
		E9E97C380A99AC93AAA058A5 /* Pods-DayOfDieTests.debug.xcconfig */ = {isa = PBXFileReference; includeInIndex = 1; lastKnownFileType = text.xcconfig; name = "Pods-DayOfDieTests.debug.xcconfig"; path = "Target Support Files/Pods-DayOfDieTests/Pods-DayOfDieTests.debug.xcconfig"; sourceTree = "<group>"; };
		FE4ADE8598E42D4FBD9E65DD /* Pods-DayOfDie-DayOfDieUITests.release.xcconfig */ = {isa = PBXFileReference; includeInIndex = 1; lastKnownFileType = text.xcconfig; name = "Pods-DayOfDie-DayOfDieUITests.release.xcconfig"; path = "Target Support Files/Pods-DayOfDie-DayOfDieUITests/Pods-DayOfDie-DayOfDieUITests.release.xcconfig"; sourceTree = "<group>"; };
/* End PBXFileReference section */

/* Begin PBXFrameworksBuildPhase section */
		5A62548525EEF0C500340AE0 /* Frameworks */ = {
			isa = PBXFrameworksBuildPhase;
			buildActionMask = 2147483647;
			files = (
				7532A687BC80B823DC73E17C /* Pods_DayOfDie.framework in Frameworks */,
			);
			runOnlyForDeploymentPostprocessing = 0;
		};
		5A62549B25EEF0C600340AE0 /* Frameworks */ = {
			isa = PBXFrameworksBuildPhase;
			buildActionMask = 2147483647;
			files = (
				17072CBC79790F7C220F16AB /* Pods_DayOfDieTests.framework in Frameworks */,
			);
			runOnlyForDeploymentPostprocessing = 0;
		};
		5A6254A625EEF0C600340AE0 /* Frameworks */ = {
			isa = PBXFrameworksBuildPhase;
			buildActionMask = 2147483647;
			files = (
				30CC533BCB0BB66E622973D0 /* Pods_DayOfDie_DayOfDieUITests.framework in Frameworks */,
			);
			runOnlyForDeploymentPostprocessing = 0;
		};
/* End PBXFrameworksBuildPhase section */

/* Begin PBXGroup section */
		25E23BF109AFFE9F840B1907 /* Frameworks */ = {
			isa = PBXGroup;
			children = (
				E7BA17B4CCE1A66794031A9B /* Pods_DayOfDie.framework */,
				2C5B5E6DA33B8DA4B869B3A8 /* Pods_DayOfDie_DayOfDieUITests.framework */,
				DE7D6D7994CB3F84710781E1 /* Pods_DayOfDieTests.framework */,
			);
			name = Frameworks;
			sourceTree = "<group>";
		};
		4B27048B26EC0F8200AAD699 /* ScoreTrackers */ = {
			isa = PBXGroup;
			children = (
				4B27048C26EC0FA700AAD699 /* PointScore */,
				5AECABA2263124EF00C4AD7B /* PlayerScore */,
				4B27048D26EC0FAE00AAD699 /* GameScore */,
			);
			path = ScoreTrackers;
			sourceTree = "<group>";
		};
		4B27048C26EC0FA700AAD699 /* PointScore */ = {
			isa = PBXGroup;
			children = (
				4B27049026EC11F800AAD699 /* PointScoreTrackerViewController.swift */,
				4B27049826EC151B00AAD699 /* PointScoreTracker.xib */,
			);
			path = PointScore;
			sourceTree = "<group>";
		};
		4B27048D26EC0FAE00AAD699 /* GameScore */ = {
			isa = PBXGroup;
			children = (
			);
			path = GameScore;
			sourceTree = "<group>";
		};
		4BAF524226EB3AF000595302 /* Auth */ = {
			isa = PBXGroup;
			children = (
				4BAF524826EB3B8B00595302 /* StartViewController.swift */,
				4BAF524C26EB3BEC00595302 /* RegisterViewController.swift */,
				4BAF524E26EB3C1300595302 /* SignInViewController.swift */,
				4BAF525026EB3C3000595302 /* AuthValidators.swift */,
				4B4D83F826EBD9DF00FEA2E6 /* LoadingViewController.swift */,
			);
			path = Auth;
			sourceTree = "<group>";
		};
		5A30E3F126BDC89E0043A91C /* User */ = {
			isa = PBXGroup;
			children = (
				5A6ED7182641255B005552D7 /* UserTableView.swift */,
				5A30E3F226BDC8C40043A91C /* UserViewConViewController.swift */,
				4B27048926EBFB4000AAD699 /* User.swift */,
			);
			path = User;
			sourceTree = "<group>";
		};
		5A62547F25EEF0C500340AE0 = {
			isa = PBXGroup;
			children = (
				5A62548A25EEF0C500340AE0 /* DayOfDie */,
				5A6254A125EEF0C600340AE0 /* DayOfDieTests */,
				5A6254AC25EEF0C600340AE0 /* DayOfDieUITests */,
				5A62548925EEF0C500340AE0 /* Products */,
				840CEA80FD86099EC91BDCE8 /* Pods */,
				25E23BF109AFFE9F840B1907 /* Frameworks */,
			);
			sourceTree = "<group>";
		};
		5A62548925EEF0C500340AE0 /* Products */ = {
			isa = PBXGroup;
			children = (
				5A62548825EEF0C500340AE0 /* DayOfDie.app */,
				5A62549E25EEF0C600340AE0 /* DayOfDieTests.xctest */,
				5A6254A925EEF0C600340AE0 /* DayOfDieUITests.xctest */,
			);
			name = Products;
			sourceTree = "<group>";
		};
		5A62548A25EEF0C500340AE0 /* DayOfDie */ = {
			isa = PBXGroup;
			children = (
				4BAF524226EB3AF000595302 /* Auth */,
				5A30E3F126BDC89E0043A91C /* User */,
				5A741B50260D7B85004651E7 /* GameTracking */,
				5A741B4A260D7B3A004651E7 /* Games */,
				5A741B4B260D7B4B004651E7 /* Friends */,
				5A62548B25EEF0C500340AE0 /* AppDelegate.swift */,
				5A62548D25EEF0C500340AE0 /* SceneDelegate.swift */,
				5A62549125EEF0C500340AE0 /* Main.storyboard */,
				5A62549425EEF0C600340AE0 /* Assets.xcassets */,
				5A62549625EEF0C600340AE0 /* LaunchScreen.storyboard */,
				5A62549925EEF0C600340AE0 /* Info.plist */,
				5AD7FD9826C3958F001FB735 /* Manual Testing */,
			);
			path = DayOfDie;
			sourceTree = "<group>";
		};
		5A6254A125EEF0C600340AE0 /* DayOfDieTests */ = {
			isa = PBXGroup;
			children = (
				5A6254A225EEF0C600340AE0 /* DayOfDieTests.swift */,
				5A6254A425EEF0C600340AE0 /* Info.plist */,
			);
			path = DayOfDieTests;
			sourceTree = "<group>";
		};
		5A6254AC25EEF0C600340AE0 /* DayOfDieUITests */ = {
			isa = PBXGroup;
			children = (
				5A6254AD25EEF0C600340AE0 /* DayOfDieUITests.swift */,
				5A6254AF25EEF0C600340AE0 /* Info.plist */,
			);
			path = DayOfDieUITests;
			sourceTree = "<group>";
		};
		5A741B4A260D7B3A004651E7 /* Games */ = {
			isa = PBXGroup;
			children = (
				5A23AE4C25F16816005C2310 /* Game.swift */,
				5A83FAAD260EF19E00831C68 /* Point.swift */,
				5A741B45260D7AC2004651E7 /* GameTableViewController.swift */,
				5A741B54260D813A004651E7 /* GameTableViewCell.swift */,
				5A976A772620A04000E5B7F6 /* GameDetailViewController.swift */,
			);
			path = Games;
			sourceTree = "<group>";
		};
		5A741B4B260D7B4B004651E7 /* Friends */ = {
			isa = PBXGroup;
			children = (
				5A1A9B7D26C3B10000B903DB /* Friend.swift */,
				5A8DE2D026410A9A00AE353B /* FriendTableViewCells.swift */,
				5AE28ED1263A913500105666 /* AddFriendViewController.swift */,
				5A9813F62617F62800C37E2C /* ApprovedFriendsTableViewController.swift */,
				5AE28EC9263A8C5C00105666 /* PendingFriendsTableViewController.swift */,
				5AD81E812634BC2A00FBAB73 /* FriendDetailViewController.swift */,
			);
			path = Friends;
			sourceTree = "<group>";
		};
		5A741B50260D7B85004651E7 /* GameTracking */ = {
			isa = PBXGroup;
			children = (
				5A741B5F260D99B3004651E7 /* ChoosePlayersViewController.swift */,
				5A62548F25EEF0C500340AE0 /* MainTrackingViewController.swift */,
				5A582AF52631497E0004E7F0 /* PlayerPointsTableViewController.swift */,
				5A582AFD263149EE0004E7F0 /* PlayerPointsTableViewCell.swift */,
				4B27048B26EC0F8200AAD699 /* ScoreTrackers */,
				5AECABA32631251700C4AD7B /* ScoreBoardFiles */,
			);
			path = GameTracking;
			sourceTree = "<group>";
		};
		5AECABA2263124EF00C4AD7B /* PlayerScore */ = {
			isa = PBXGroup;
			children = (
			);
			path = PlayerScore;
			sourceTree = "<group>";
		};
		5AECABA32631251700C4AD7B /* ScoreBoardFiles */ = {
			isa = PBXGroup;
			children = (
				5AC3B75826312D630079C9FB /* PlayersTableScoreView.swift */,
				5AC3B75326312D3C0079C9FB /* PlayersTableScoreView.xib */,
			);
			path = ScoreBoardFiles;
			sourceTree = "<group>";
		};
		840CEA80FD86099EC91BDCE8 /* Pods */ = {
			isa = PBXGroup;
			children = (
				2254E54943498E87AB5440BE /* Pods-DayOfDie.debug.xcconfig */,
				95F22CEC3258E2AFC763950E /* Pods-DayOfDie.release.xcconfig */,
				37F14D330D1BC50004B5EE5F /* Pods-DayOfDie-DayOfDieUITests.debug.xcconfig */,
				FE4ADE8598E42D4FBD9E65DD /* Pods-DayOfDie-DayOfDieUITests.release.xcconfig */,
				E9E97C380A99AC93AAA058A5 /* Pods-DayOfDieTests.debug.xcconfig */,
				9C8037FB6D92798CB0952A04 /* Pods-DayOfDieTests.release.xcconfig */,
			);
			path = Pods;
			sourceTree = "<group>";
		};
/* End PBXGroup section */

/* Begin PBXNativeTarget section */
		5A62548725EEF0C500340AE0 /* DayOfDie */ = {
			isa = PBXNativeTarget;
			buildConfigurationList = 5A6254B225EEF0C600340AE0 /* Build configuration list for PBXNativeTarget "DayOfDie" */;
			buildPhases = (
				FE373F5697EB68644CDA2DD2 /* [CP] Check Pods Manifest.lock */,
				5A62548425EEF0C500340AE0 /* Sources */,
				5A62548525EEF0C500340AE0 /* Frameworks */,
				5A62548625EEF0C500340AE0 /* Resources */,
				3F37812D63CF0FAE487293E3 /* [CP] Embed Pods Frameworks */,
			);
			buildRules = (
			);
			dependencies = (
			);
			name = DayOfDie;
			productName = DayOfDie;
			productReference = 5A62548825EEF0C500340AE0 /* DayOfDie.app */;
			productType = "com.apple.product-type.application";
		};
		5A62549D25EEF0C600340AE0 /* DayOfDieTests */ = {
			isa = PBXNativeTarget;
			buildConfigurationList = 5A6254B525EEF0C600340AE0 /* Build configuration list for PBXNativeTarget "DayOfDieTests" */;
			buildPhases = (
				5C2D9CAC8D71A9D8AD8F8AF2 /* [CP] Check Pods Manifest.lock */,
				5A62549A25EEF0C600340AE0 /* Sources */,
				5A62549B25EEF0C600340AE0 /* Frameworks */,
				5A62549C25EEF0C600340AE0 /* Resources */,
			);
			buildRules = (
			);
			dependencies = (
				5A6254A025EEF0C600340AE0 /* PBXTargetDependency */,
			);
			name = DayOfDieTests;
			productName = DayOfDieTests;
			productReference = 5A62549E25EEF0C600340AE0 /* DayOfDieTests.xctest */;
			productType = "com.apple.product-type.bundle.unit-test";
		};
		5A6254A825EEF0C600340AE0 /* DayOfDieUITests */ = {
			isa = PBXNativeTarget;
			buildConfigurationList = 5A6254B825EEF0C600340AE0 /* Build configuration list for PBXNativeTarget "DayOfDieUITests" */;
			buildPhases = (
				4DC483C5A8C783AD82E3F2D2 /* [CP] Check Pods Manifest.lock */,
				5A6254A525EEF0C600340AE0 /* Sources */,
				5A6254A625EEF0C600340AE0 /* Frameworks */,
				5A6254A725EEF0C600340AE0 /* Resources */,
				7BD655BDB0FE228673F06707 /* [CP] Embed Pods Frameworks */,
			);
			buildRules = (
			);
			dependencies = (
				5A6254AB25EEF0C600340AE0 /* PBXTargetDependency */,
			);
			name = DayOfDieUITests;
			productName = DayOfDieUITests;
			productReference = 5A6254A925EEF0C600340AE0 /* DayOfDieUITests.xctest */;
			productType = "com.apple.product-type.bundle.ui-testing";
		};
/* End PBXNativeTarget section */

/* Begin PBXProject section */
		5A62548025EEF0C500340AE0 /* Project object */ = {
			isa = PBXProject;
			attributes = {
				LastSwiftUpdateCheck = 1240;
				LastUpgradeCheck = 1240;
				TargetAttributes = {
					5A62548725EEF0C500340AE0 = {
						CreatedOnToolsVersion = 12.4;
					};
					5A62549D25EEF0C600340AE0 = {
						CreatedOnToolsVersion = 12.4;
						TestTargetID = 5A62548725EEF0C500340AE0;
					};
					5A6254A825EEF0C600340AE0 = {
						CreatedOnToolsVersion = 12.4;
						TestTargetID = 5A62548725EEF0C500340AE0;
					};
				};
			};
			buildConfigurationList = 5A62548325EEF0C500340AE0 /* Build configuration list for PBXProject "DayOfDie" */;
			compatibilityVersion = "Xcode 9.3";
			developmentRegion = en;
			hasScannedForEncodings = 0;
			knownRegions = (
				en,
				Base,
			);
			mainGroup = 5A62547F25EEF0C500340AE0;
			productRefGroup = 5A62548925EEF0C500340AE0 /* Products */;
			projectDirPath = "";
			projectRoot = "";
			targets = (
				5A62548725EEF0C500340AE0 /* DayOfDie */,
				5A62549D25EEF0C600340AE0 /* DayOfDieTests */,
				5A6254A825EEF0C600340AE0 /* DayOfDieUITests */,
			);
		};
/* End PBXProject section */

/* Begin PBXResourcesBuildPhase section */
		5A62548625EEF0C500340AE0 /* Resources */ = {
			isa = PBXResourcesBuildPhase;
			buildActionMask = 2147483647;
			files = (
				4B27049926EC151B00AAD699 /* PointScoreTracker.xib in Resources */,
				5A62549825EEF0C600340AE0 /* LaunchScreen.storyboard in Resources */,
				5A62549525EEF0C600340AE0 /* Assets.xcassets in Resources */,
				5A62549325EEF0C500340AE0 /* Main.storyboard in Resources */,
				5AC3B75426312D3C0079C9FB /* PlayersTableScoreView.xib in Resources */,
			);
			runOnlyForDeploymentPostprocessing = 0;
		};
		5A62549C25EEF0C600340AE0 /* Resources */ = {
			isa = PBXResourcesBuildPhase;
			buildActionMask = 2147483647;
			files = (
			);
			runOnlyForDeploymentPostprocessing = 0;
		};
		5A6254A725EEF0C600340AE0 /* Resources */ = {
			isa = PBXResourcesBuildPhase;
			buildActionMask = 2147483647;
			files = (
			);
			runOnlyForDeploymentPostprocessing = 0;
		};
/* End PBXResourcesBuildPhase section */

/* Begin PBXShellScriptBuildPhase section */
		3F37812D63CF0FAE487293E3 /* [CP] Embed Pods Frameworks */ = {
			isa = PBXShellScriptBuildPhase;
			buildActionMask = 2147483647;
			files = (
			);
			inputFileListPaths = (
				"${PODS_ROOT}/Target Support Files/Pods-DayOfDie/Pods-DayOfDie-frameworks-${CONFIGURATION}-input-files.xcfilelist",
			);
			name = "[CP] Embed Pods Frameworks";
			outputFileListPaths = (
				"${PODS_ROOT}/Target Support Files/Pods-DayOfDie/Pods-DayOfDie-frameworks-${CONFIGURATION}-output-files.xcfilelist",
			);
			runOnlyForDeploymentPostprocessing = 0;
			shellPath = /bin/sh;
			shellScript = "\"${PODS_ROOT}/Target Support Files/Pods-DayOfDie/Pods-DayOfDie-frameworks.sh\"\n";
			showEnvVarsInLog = 0;
		};
		4DC483C5A8C783AD82E3F2D2 /* [CP] Check Pods Manifest.lock */ = {
			isa = PBXShellScriptBuildPhase;
			buildActionMask = 2147483647;
			files = (
			);
			inputFileListPaths = (
			);
			inputPaths = (
				"${PODS_PODFILE_DIR_PATH}/Podfile.lock",
				"${PODS_ROOT}/Manifest.lock",
			);
			name = "[CP] Check Pods Manifest.lock";
			outputFileListPaths = (
			);
			outputPaths = (
				"$(DERIVED_FILE_DIR)/Pods-DayOfDie-DayOfDieUITests-checkManifestLockResult.txt",
			);
			runOnlyForDeploymentPostprocessing = 0;
			shellPath = /bin/sh;
			shellScript = "diff \"${PODS_PODFILE_DIR_PATH}/Podfile.lock\" \"${PODS_ROOT}/Manifest.lock\" > /dev/null\nif [ $? != 0 ] ; then\n    # print error to STDERR\n    echo \"error: The sandbox is not in sync with the Podfile.lock. Run 'pod install' or update your CocoaPods installation.\" >&2\n    exit 1\nfi\n# This output is used by Xcode 'outputs' to avoid re-running this script phase.\necho \"SUCCESS\" > \"${SCRIPT_OUTPUT_FILE_0}\"\n";
			showEnvVarsInLog = 0;
		};
		5C2D9CAC8D71A9D8AD8F8AF2 /* [CP] Check Pods Manifest.lock */ = {
			isa = PBXShellScriptBuildPhase;
			buildActionMask = 2147483647;
			files = (
			);
			inputFileListPaths = (
			);
			inputPaths = (
				"${PODS_PODFILE_DIR_PATH}/Podfile.lock",
				"${PODS_ROOT}/Manifest.lock",
			);
			name = "[CP] Check Pods Manifest.lock";
			outputFileListPaths = (
			);
			outputPaths = (
				"$(DERIVED_FILE_DIR)/Pods-DayOfDieTests-checkManifestLockResult.txt",
			);
			runOnlyForDeploymentPostprocessing = 0;
			shellPath = /bin/sh;
			shellScript = "diff \"${PODS_PODFILE_DIR_PATH}/Podfile.lock\" \"${PODS_ROOT}/Manifest.lock\" > /dev/null\nif [ $? != 0 ] ; then\n    # print error to STDERR\n    echo \"error: The sandbox is not in sync with the Podfile.lock. Run 'pod install' or update your CocoaPods installation.\" >&2\n    exit 1\nfi\n# This output is used by Xcode 'outputs' to avoid re-running this script phase.\necho \"SUCCESS\" > \"${SCRIPT_OUTPUT_FILE_0}\"\n";
			showEnvVarsInLog = 0;
		};
		7BD655BDB0FE228673F06707 /* [CP] Embed Pods Frameworks */ = {
			isa = PBXShellScriptBuildPhase;
			buildActionMask = 2147483647;
			files = (
			);
			inputFileListPaths = (
				"${PODS_ROOT}/Target Support Files/Pods-DayOfDie-DayOfDieUITests/Pods-DayOfDie-DayOfDieUITests-frameworks-${CONFIGURATION}-input-files.xcfilelist",
			);
			name = "[CP] Embed Pods Frameworks";
			outputFileListPaths = (
				"${PODS_ROOT}/Target Support Files/Pods-DayOfDie-DayOfDieUITests/Pods-DayOfDie-DayOfDieUITests-frameworks-${CONFIGURATION}-output-files.xcfilelist",
			);
			runOnlyForDeploymentPostprocessing = 0;
			shellPath = /bin/sh;
			shellScript = "\"${PODS_ROOT}/Target Support Files/Pods-DayOfDie-DayOfDieUITests/Pods-DayOfDie-DayOfDieUITests-frameworks.sh\"\n";
			showEnvVarsInLog = 0;
		};
		FE373F5697EB68644CDA2DD2 /* [CP] Check Pods Manifest.lock */ = {
			isa = PBXShellScriptBuildPhase;
			buildActionMask = 2147483647;
			files = (
			);
			inputFileListPaths = (
			);
			inputPaths = (
				"${PODS_PODFILE_DIR_PATH}/Podfile.lock",
				"${PODS_ROOT}/Manifest.lock",
			);
			name = "[CP] Check Pods Manifest.lock";
			outputFileListPaths = (
			);
			outputPaths = (
				"$(DERIVED_FILE_DIR)/Pods-DayOfDie-checkManifestLockResult.txt",
			);
			runOnlyForDeploymentPostprocessing = 0;
			shellPath = /bin/sh;
			shellScript = "diff \"${PODS_PODFILE_DIR_PATH}/Podfile.lock\" \"${PODS_ROOT}/Manifest.lock\" > /dev/null\nif [ $? != 0 ] ; then\n    # print error to STDERR\n    echo \"error: The sandbox is not in sync with the Podfile.lock. Run 'pod install' or update your CocoaPods installation.\" >&2\n    exit 1\nfi\n# This output is used by Xcode 'outputs' to avoid re-running this script phase.\necho \"SUCCESS\" > \"${SCRIPT_OUTPUT_FILE_0}\"\n";
			showEnvVarsInLog = 0;
		};
/* End PBXShellScriptBuildPhase section */

/* Begin PBXSourcesBuildPhase section */
		5A62548425EEF0C500340AE0 /* Sources */ = {
			isa = PBXSourcesBuildPhase;
			buildActionMask = 2147483647;
			files = (
				4BAF524F26EB3C1300595302 /* SignInViewController.swift in Sources */,
				4BAF524D26EB3BEC00595302 /* RegisterViewController.swift in Sources */,
				5A741B55260D813A004651E7 /* GameTableViewCell.swift in Sources */,
				5A9813F72617F62800C37E2C /* ApprovedFriendsTableViewController.swift in Sources */,
				4BAF524926EB3B8B00595302 /* StartViewController.swift in Sources */,
				4B4D83F926EBD9DF00FEA2E6 /* LoadingViewController.swift in Sources */,
				4B27048A26EBFB4000AAD699 /* User.swift in Sources */,
				5A741B60260D99B3004651E7 /* ChoosePlayersViewController.swift in Sources */,
				5AE28ED2263A913500105666 /* AddFriendViewController.swift in Sources */,
				5A582AFF263149EE0004E7F0 /* PlayerPointsTableViewCell.swift in Sources */,
				5A582AF62631497E0004E7F0 /* PlayerPointsTableViewController.swift in Sources */,
				5A6ED7192641255B005552D7 /* UserTableView.swift in Sources */,
				4BAF525126EB3C3000595302 /* AuthValidators.swift in Sources */,
				5A62549025EEF0C500340AE0 /* MainTrackingViewController.swift in Sources */,
				5A62548C25EEF0C500340AE0 /* AppDelegate.swift in Sources */,
				5A23AE4D25F16816005C2310 /* Game.swift in Sources */,
				5A1A9B7E26C3B10E00B903DB /* Friend.swift in Sources */,
				5A62548E25EEF0C500340AE0 /* SceneDelegate.swift in Sources */,
				5AE28ECA263A8C5C00105666 /* PendingFriendsTableViewController.swift in Sources */,
				5A30E3F326BDC8C40043A91C /* UserViewConViewController.swift in Sources */,
				5A83FAAE260EF19E00831C68 /* Point.swift in Sources */,
				4B27049226EC11F800AAD699 /* PointScoreTrackerViewController.swift in Sources */,
				5A741B46260D7AC2004651E7 /* GameTableViewController.swift in Sources */,
				5A976A782620A04000E5B7F6 /* GameDetailViewController.swift in Sources */,
				5AC3B766263132790079C9FB /* PlayersTableScoreView.swift in Sources */,
				5AD81E822634BC2A00FBAB73 /* FriendDetailViewController.swift in Sources */,
				5A8DE2DB26410AAA00AE353B /* FriendTableViewCells.swift in Sources */,
			);
			runOnlyForDeploymentPostprocessing = 0;
		};
		5A62549A25EEF0C600340AE0 /* Sources */ = {
			isa = PBXSourcesBuildPhase;
			buildActionMask = 2147483647;
			files = (
				5A6254A325EEF0C600340AE0 /* DayOfDieTests.swift in Sources */,
				5A83FAC6260FB24900831C68 /* ChoosePlayersViewController.swift in Sources */,
				5A83FAD12610F78400831C68 /* MainTrackingViewController.swift in Sources */,
			);
			runOnlyForDeploymentPostprocessing = 0;
		};
		5A6254A525EEF0C600340AE0 /* Sources */ = {
			isa = PBXSourcesBuildPhase;
			buildActionMask = 2147483647;
			files = (
				5A6254AE25EEF0C600340AE0 /* DayOfDieUITests.swift in Sources */,
				5A83FACA260FB24B00831C68 /* ChoosePlayersViewController.swift in Sources */,
				5A83FAD52610F78400831C68 /* MainTrackingViewController.swift in Sources */,
			);
			runOnlyForDeploymentPostprocessing = 0;
		};
/* End PBXSourcesBuildPhase section */

/* Begin PBXTargetDependency section */
		5A6254A025EEF0C600340AE0 /* PBXTargetDependency */ = {
			isa = PBXTargetDependency;
			target = 5A62548725EEF0C500340AE0 /* DayOfDie */;
			targetProxy = 5A62549F25EEF0C600340AE0 /* PBXContainerItemProxy */;
		};
		5A6254AB25EEF0C600340AE0 /* PBXTargetDependency */ = {
			isa = PBXTargetDependency;
			target = 5A62548725EEF0C500340AE0 /* DayOfDie */;
			targetProxy = 5A6254AA25EEF0C600340AE0 /* PBXContainerItemProxy */;
		};
/* End PBXTargetDependency section */

/* Begin PBXVariantGroup section */
		5A62549125EEF0C500340AE0 /* Main.storyboard */ = {
			isa = PBXVariantGroup;
			children = (
				5A62549225EEF0C500340AE0 /* Base */,
			);
			name = Main.storyboard;
			sourceTree = "<group>";
		};
		5A62549625EEF0C600340AE0 /* LaunchScreen.storyboard */ = {
			isa = PBXVariantGroup;
			children = (
				5A62549725EEF0C600340AE0 /* Base */,
			);
			name = LaunchScreen.storyboard;
			sourceTree = "<group>";
		};
/* End PBXVariantGroup section */

/* Begin XCBuildConfiguration section */
		5A6254B025EEF0C600340AE0 /* Debug */ = {
			isa = XCBuildConfiguration;
			buildSettings = {
				ALWAYS_SEARCH_USER_PATHS = NO;
				CLANG_ANALYZER_NONNULL = YES;
				CLANG_ANALYZER_NUMBER_OBJECT_CONVERSION = YES_AGGRESSIVE;
				CLANG_CXX_LANGUAGE_STANDARD = "gnu++14";
				CLANG_CXX_LIBRARY = "libc++";
				CLANG_ENABLE_MODULES = YES;
				CLANG_ENABLE_OBJC_ARC = YES;
				CLANG_ENABLE_OBJC_WEAK = YES;
				CLANG_WARN_BLOCK_CAPTURE_AUTORELEASING = YES;
				CLANG_WARN_BOOL_CONVERSION = YES;
				CLANG_WARN_COMMA = YES;
				CLANG_WARN_CONSTANT_CONVERSION = YES;
				CLANG_WARN_DEPRECATED_OBJC_IMPLEMENTATIONS = YES;
				CLANG_WARN_DIRECT_OBJC_ISA_USAGE = YES_ERROR;
				CLANG_WARN_DOCUMENTATION_COMMENTS = YES;
				CLANG_WARN_EMPTY_BODY = YES;
				CLANG_WARN_ENUM_CONVERSION = YES;
				CLANG_WARN_INFINITE_RECURSION = YES;
				CLANG_WARN_INT_CONVERSION = YES;
				CLANG_WARN_NON_LITERAL_NULL_CONVERSION = YES;
				CLANG_WARN_OBJC_IMPLICIT_RETAIN_SELF = YES;
				CLANG_WARN_OBJC_LITERAL_CONVERSION = YES;
				CLANG_WARN_OBJC_ROOT_CLASS = YES_ERROR;
				CLANG_WARN_QUOTED_INCLUDE_IN_FRAMEWORK_HEADER = YES;
				CLANG_WARN_RANGE_LOOP_ANALYSIS = YES;
				CLANG_WARN_STRICT_PROTOTYPES = YES;
				CLANG_WARN_SUSPICIOUS_MOVE = YES;
				CLANG_WARN_UNGUARDED_AVAILABILITY = YES_AGGRESSIVE;
				CLANG_WARN_UNREACHABLE_CODE = YES;
				CLANG_WARN__DUPLICATE_METHOD_MATCH = YES;
				COPY_PHASE_STRIP = NO;
				DEBUG_INFORMATION_FORMAT = dwarf;
				ENABLE_STRICT_OBJC_MSGSEND = YES;
				ENABLE_TESTABILITY = YES;
				GCC_C_LANGUAGE_STANDARD = gnu11;
				GCC_DYNAMIC_NO_PIC = NO;
				GCC_NO_COMMON_BLOCKS = YES;
				GCC_OPTIMIZATION_LEVEL = 0;
				GCC_PREPROCESSOR_DEFINITIONS = (
					"DEBUG=1",
					"$(inherited)",
				);
				GCC_WARN_64_TO_32_BIT_CONVERSION = YES;
				GCC_WARN_ABOUT_RETURN_TYPE = YES_ERROR;
				GCC_WARN_UNDECLARED_SELECTOR = YES;
				GCC_WARN_UNINITIALIZED_AUTOS = YES_AGGRESSIVE;
				GCC_WARN_UNUSED_FUNCTION = YES;
				GCC_WARN_UNUSED_VARIABLE = YES;
				IPHONEOS_DEPLOYMENT_TARGET = 14.4;
				MTL_ENABLE_DEBUG_INFO = INCLUDE_SOURCE;
				MTL_FAST_MATH = YES;
				ONLY_ACTIVE_ARCH = YES;
				SDKROOT = iphoneos;
				SWIFT_ACTIVE_COMPILATION_CONDITIONS = DEBUG;
				SWIFT_OPTIMIZATION_LEVEL = "-Onone";
			};
			name = Debug;
		};
		5A6254B125EEF0C600340AE0 /* Release */ = {
			isa = XCBuildConfiguration;
			buildSettings = {
				ALWAYS_SEARCH_USER_PATHS = NO;
				CLANG_ANALYZER_NONNULL = YES;
				CLANG_ANALYZER_NUMBER_OBJECT_CONVERSION = YES_AGGRESSIVE;
				CLANG_CXX_LANGUAGE_STANDARD = "gnu++14";
				CLANG_CXX_LIBRARY = "libc++";
				CLANG_ENABLE_MODULES = YES;
				CLANG_ENABLE_OBJC_ARC = YES;
				CLANG_ENABLE_OBJC_WEAK = YES;
				CLANG_WARN_BLOCK_CAPTURE_AUTORELEASING = YES;
				CLANG_WARN_BOOL_CONVERSION = YES;
				CLANG_WARN_COMMA = YES;
				CLANG_WARN_CONSTANT_CONVERSION = YES;
				CLANG_WARN_DEPRECATED_OBJC_IMPLEMENTATIONS = YES;
				CLANG_WARN_DIRECT_OBJC_ISA_USAGE = YES_ERROR;
				CLANG_WARN_DOCUMENTATION_COMMENTS = YES;
				CLANG_WARN_EMPTY_BODY = YES;
				CLANG_WARN_ENUM_CONVERSION = YES;
				CLANG_WARN_INFINITE_RECURSION = YES;
				CLANG_WARN_INT_CONVERSION = YES;
				CLANG_WARN_NON_LITERAL_NULL_CONVERSION = YES;
				CLANG_WARN_OBJC_IMPLICIT_RETAIN_SELF = YES;
				CLANG_WARN_OBJC_LITERAL_CONVERSION = YES;
				CLANG_WARN_OBJC_ROOT_CLASS = YES_ERROR;
				CLANG_WARN_QUOTED_INCLUDE_IN_FRAMEWORK_HEADER = YES;
				CLANG_WARN_RANGE_LOOP_ANALYSIS = YES;
				CLANG_WARN_STRICT_PROTOTYPES = YES;
				CLANG_WARN_SUSPICIOUS_MOVE = YES;
				CLANG_WARN_UNGUARDED_AVAILABILITY = YES_AGGRESSIVE;
				CLANG_WARN_UNREACHABLE_CODE = YES;
				CLANG_WARN__DUPLICATE_METHOD_MATCH = YES;
				COPY_PHASE_STRIP = NO;
				DEBUG_INFORMATION_FORMAT = "dwarf-with-dsym";
				ENABLE_NS_ASSERTIONS = NO;
				ENABLE_STRICT_OBJC_MSGSEND = YES;
				GCC_C_LANGUAGE_STANDARD = gnu11;
				GCC_NO_COMMON_BLOCKS = YES;
				GCC_WARN_64_TO_32_BIT_CONVERSION = YES;
				GCC_WARN_ABOUT_RETURN_TYPE = YES_ERROR;
				GCC_WARN_UNDECLARED_SELECTOR = YES;
				GCC_WARN_UNINITIALIZED_AUTOS = YES_AGGRESSIVE;
				GCC_WARN_UNUSED_FUNCTION = YES;
				GCC_WARN_UNUSED_VARIABLE = YES;
				IPHONEOS_DEPLOYMENT_TARGET = 14.4;
				MTL_ENABLE_DEBUG_INFO = NO;
				MTL_FAST_MATH = YES;
				SDKROOT = iphoneos;
				SWIFT_COMPILATION_MODE = wholemodule;
				SWIFT_OPTIMIZATION_LEVEL = "-O";
				VALIDATE_PRODUCT = YES;
			};
			name = Release;
		};
		5A6254B325EEF0C600340AE0 /* Debug */ = {
			isa = XCBuildConfiguration;
			baseConfigurationReference = 2254E54943498E87AB5440BE /* Pods-DayOfDie.debug.xcconfig */;
			buildSettings = {
				ASSETCATALOG_COMPILER_APPICON_NAME = AppIcon;
				ASSETCATALOG_COMPILER_GLOBAL_ACCENT_COLOR_NAME = AccentColor;
				CODE_SIGN_STYLE = Automatic;
				DEVELOPMENT_TEAM = MS9FFZU9UZ;
				INFOPLIST_FILE = DayOfDie/Info.plist;
				IPHONEOS_DEPLOYMENT_TARGET = 14.4;
				LD_RUNPATH_SEARCH_PATHS = (
					"$(inherited)",
					"@executable_path/Frameworks",
				);
				PRODUCT_BUNDLE_IDENTIFIER = aberard.DayOfDie;
				PRODUCT_NAME = "$(TARGET_NAME)";
				SWIFT_VERSION = 5.0;
				TARGETED_DEVICE_FAMILY = 1;
			};
			name = Debug;
		};
		5A6254B425EEF0C600340AE0 /* Release */ = {
			isa = XCBuildConfiguration;
			baseConfigurationReference = 95F22CEC3258E2AFC763950E /* Pods-DayOfDie.release.xcconfig */;
			buildSettings = {
				ASSETCATALOG_COMPILER_APPICON_NAME = AppIcon;
				ASSETCATALOG_COMPILER_GLOBAL_ACCENT_COLOR_NAME = AccentColor;
				CODE_SIGN_STYLE = Automatic;
				DEVELOPMENT_TEAM = MS9FFZU9UZ;
				INFOPLIST_FILE = DayOfDie/Info.plist;
				IPHONEOS_DEPLOYMENT_TARGET = 14.4;
				LD_RUNPATH_SEARCH_PATHS = (
					"$(inherited)",
					"@executable_path/Frameworks",
				);
				PRODUCT_BUNDLE_IDENTIFIER = aberard.DayOfDie;
				PRODUCT_NAME = "$(TARGET_NAME)";
				SWIFT_VERSION = 5.0;
				TARGETED_DEVICE_FAMILY = 1;
			};
			name = Release;
		};
		5A6254B625EEF0C600340AE0 /* Debug */ = {
			isa = XCBuildConfiguration;
			baseConfigurationReference = E9E97C380A99AC93AAA058A5 /* Pods-DayOfDieTests.debug.xcconfig */;
			buildSettings = {
				ALWAYS_EMBED_SWIFT_STANDARD_LIBRARIES = YES;
				BUNDLE_LOADER = "$(TEST_HOST)";
				CODE_SIGN_STYLE = Automatic;
				DEVELOPMENT_TEAM = MS9FFZU9UZ;
				INFOPLIST_FILE = DayOfDieTests/Info.plist;
				IPHONEOS_DEPLOYMENT_TARGET = 14.4;
				LD_RUNPATH_SEARCH_PATHS = (
					"$(inherited)",
					"@executable_path/Frameworks",
					"@loader_path/Frameworks",
				);
				PRODUCT_BUNDLE_IDENTIFIER = aberard.DayOfDieTests;
				PRODUCT_NAME = "$(TARGET_NAME)";
				SWIFT_VERSION = 5.0;
				TARGETED_DEVICE_FAMILY = "1,2";
				TEST_HOST = "$(BUILT_PRODUCTS_DIR)/DayOfDie.app/DayOfDie";
			};
			name = Debug;
		};
		5A6254B725EEF0C600340AE0 /* Release */ = {
			isa = XCBuildConfiguration;
			baseConfigurationReference = 9C8037FB6D92798CB0952A04 /* Pods-DayOfDieTests.release.xcconfig */;
			buildSettings = {
				ALWAYS_EMBED_SWIFT_STANDARD_LIBRARIES = YES;
				BUNDLE_LOADER = "$(TEST_HOST)";
				CODE_SIGN_STYLE = Automatic;
				DEVELOPMENT_TEAM = MS9FFZU9UZ;
				INFOPLIST_FILE = DayOfDieTests/Info.plist;
				IPHONEOS_DEPLOYMENT_TARGET = 14.4;
				LD_RUNPATH_SEARCH_PATHS = (
					"$(inherited)",
					"@executable_path/Frameworks",
					"@loader_path/Frameworks",
				);
				PRODUCT_BUNDLE_IDENTIFIER = aberard.DayOfDieTests;
				PRODUCT_NAME = "$(TARGET_NAME)";
				SWIFT_VERSION = 5.0;
				TARGETED_DEVICE_FAMILY = "1,2";
				TEST_HOST = "$(BUILT_PRODUCTS_DIR)/DayOfDie.app/DayOfDie";
			};
			name = Release;
		};
		5A6254B925EEF0C600340AE0 /* Debug */ = {
			isa = XCBuildConfiguration;
			baseConfigurationReference = 37F14D330D1BC50004B5EE5F /* Pods-DayOfDie-DayOfDieUITests.debug.xcconfig */;
			buildSettings = {
				ALWAYS_EMBED_SWIFT_STANDARD_LIBRARIES = YES;
				CODE_SIGN_STYLE = Automatic;
				DEVELOPMENT_TEAM = MS9FFZU9UZ;
				INFOPLIST_FILE = DayOfDieUITests/Info.plist;
				LD_RUNPATH_SEARCH_PATHS = (
					"$(inherited)",
					"@executable_path/Frameworks",
					"@loader_path/Frameworks",
				);
				PRODUCT_BUNDLE_IDENTIFIER = aberard.DayOfDieUITests;
				PRODUCT_NAME = "$(TARGET_NAME)";
				SWIFT_VERSION = 5.0;
				TARGETED_DEVICE_FAMILY = "1,2";
				TEST_TARGET_NAME = DayOfDie;
			};
			name = Debug;
		};
		5A6254BA25EEF0C600340AE0 /* Release */ = {
			isa = XCBuildConfiguration;
			baseConfigurationReference = FE4ADE8598E42D4FBD9E65DD /* Pods-DayOfDie-DayOfDieUITests.release.xcconfig */;
			buildSettings = {
				ALWAYS_EMBED_SWIFT_STANDARD_LIBRARIES = YES;
				CODE_SIGN_STYLE = Automatic;
				DEVELOPMENT_TEAM = MS9FFZU9UZ;
				INFOPLIST_FILE = DayOfDieUITests/Info.plist;
				LD_RUNPATH_SEARCH_PATHS = (
					"$(inherited)",
					"@executable_path/Frameworks",
					"@loader_path/Frameworks",
				);
				PRODUCT_BUNDLE_IDENTIFIER = aberard.DayOfDieUITests;
				PRODUCT_NAME = "$(TARGET_NAME)";
				SWIFT_VERSION = 5.0;
				TARGETED_DEVICE_FAMILY = "1,2";
				TEST_TARGET_NAME = DayOfDie;
			};
			name = Release;
		};
/* End XCBuildConfiguration section */

/* Begin XCConfigurationList section */
		5A62548325EEF0C500340AE0 /* Build configuration list for PBXProject "DayOfDie" */ = {
			isa = XCConfigurationList;
			buildConfigurations = (
				5A6254B025EEF0C600340AE0 /* Debug */,
				5A6254B125EEF0C600340AE0 /* Release */,
			);
			defaultConfigurationIsVisible = 0;
			defaultConfigurationName = Release;
		};
		5A6254B225EEF0C600340AE0 /* Build configuration list for PBXNativeTarget "DayOfDie" */ = {
			isa = XCConfigurationList;
			buildConfigurations = (
				5A6254B325EEF0C600340AE0 /* Debug */,
				5A6254B425EEF0C600340AE0 /* Release */,
			);
			defaultConfigurationIsVisible = 0;
			defaultConfigurationName = Release;
		};
		5A6254B525EEF0C600340AE0 /* Build configuration list for PBXNativeTarget "DayOfDieTests" */ = {
			isa = XCConfigurationList;
			buildConfigurations = (
				5A6254B625EEF0C600340AE0 /* Debug */,
				5A6254B725EEF0C600340AE0 /* Release */,
			);
			defaultConfigurationIsVisible = 0;
			defaultConfigurationName = Release;
		};
		5A6254B825EEF0C600340AE0 /* Build configuration list for PBXNativeTarget "DayOfDieUITests" */ = {
			isa = XCConfigurationList;
			buildConfigurations = (
				5A6254B925EEF0C600340AE0 /* Debug */,
				5A6254BA25EEF0C600340AE0 /* Release */,
			);
			defaultConfigurationIsVisible = 0;
			defaultConfigurationName = Release;
		};
/* End XCConfigurationList section */
	};
	rootObject = 5A62548025EEF0C500340AE0 /* Project object */;
}
